
Microsoft Visual Studio Solution File, Format Version 12.00
# Visual Studio Version 16
VisualStudioVersion = 16.0.30907.101
MinimumVisualStudioVersion = 10.0.40219.1
Project("{FAE04EC0-301F-11D3-BF4B-00C04F79EFBC}") = "MyWebsite", "MyWebsite.csproj", "{B1FA18D5-A0A4-4D29-9CA3-B11B48D6999A}"
EndProject
Global
	GlobalSection(SolutionConfigurationPlatforms) = preSolution
		Debug|Any CPU = Debug|Any CPU
		Release|Any CPU = Release|Any CPU
	EndGlobalSection
	GlobalSection(ProjectConfigurationPlatforms) = postSolution
		{B1FA18D5-A0A4-4D29-9CA3-B11B48D6999A}.Debug|Any CPU.ActiveCfg = Debug|Any CPU
		{B1FA18D5-A0A4-4D29-9CA3-B11B48D6999A}.Debug|Any CPU.Build.0 = Debug|Any CPU
		{B1FA18D5-A0A4-4D29-9CA3-B11B48D6999A}.Release|Any CPU.ActiveCfg = Release|Any CPU
		{B1FA18D5-A0A4-4D29-9CA3-B11B48D6999A}.Release|Any CPU.Build.0 = Release|Any CPU
	EndGlobalSection
	GlobalSection(SolutionProperties) = preSolution
		HideSolutionNode = FALSE
	EndGlobalSection
	GlobalSection(ExtensibilityGlobals) = postSolution
		SolutionGuid = {7DBD0337-4E41-418A-81EC-0C6EE9E49A13}
	EndGlobalSection
EndGlobal
